
Microsoft Visual Studio Solution File, Format Version 12.00
# Visual Studio Version 16
VisualStudioVersion = 16.0.30717.126
MinimumVisualStudioVersion = 10.0.40219.1
Project("{FAE04EC0-301F-11D3-BF4B-00C04F79EFBC}") = "CW2_509ITCSh", "New\CW2_509ITCSh.csproj", "{BDC43676-0C24-4EDC-92C7-529A99058589}"
EndProject
Global
	GlobalSection(SolutionConfigurationPlatforms) = preSolution
		Debug|Any CPU = Debug|Any CPU
		Release|Any CPU = Release|Any CPU
	EndGlobalSection
	GlobalSection(ProjectConfigurationPlatforms) = postSolution
		{BDC43676-0C24-4EDC-92C7-529A99058589}.Debug|Any CPU.ActiveCfg = Debug|Any CPU
		{BDC43676-0C24-4EDC-92C7-529A99058589}.Debug|Any CPU.Build.0 = Debug|Any CPU
		{BDC43676-0C24-4EDC-92C7-529A99058589}.Release|Any CPU.ActiveCfg = Release|Any CPU
		{BDC43676-0C24-4EDC-92C7-529A99058589}.Release|Any CPU.Build.0 = Release|Any CPU
	EndGlobalSection
	GlobalSection(SolutionProperties) = preSolution
		HideSolutionNode = FALSE
	EndGlobalSection
	GlobalSection(ExtensibilityGlobals) = postSolution
		SolutionGuid = {8FC5A98B-AB6E-4007-A2A5-402178ACC776}
	EndGlobalSection
EndGlobal
